<?xml version="1.0" encoding="utf-8"?>
<Project ToolsVersion="4.0" xmlns="http://schemas.microsoft.com/developer/msbuild/2003">
  <ItemGroup>
    <ClCompile Include="Bow.cpp" />
    <ClCompile Include="main.cpp" />
    <ClCompile Include="Arrow.cpp" />
    <ClCompile Include="World.cpp" />
  </ItemGroup>
  <ItemGroup>
    <ClInclude Include="Bow.h" />
    <ClInclude Include="Arrow.h" />
    <ClInclude Include="World.h" />
  </ItemGroup>
</Project>